charm.land/bubbles/v2 v2.1.0 h1:YSnNh5cPYlYjPxRrzs5VEn3vwhtEn3jVGRBT3M7/I0g=
charm.land/bubbles/v2 v2.1.0/go.mod h1:l97h4hym2hvWBVfmJDtrEHHCtkIKeTEb3TTJ4ZOB3wY=
charm.land/bubbletea/v2 v2.0.6 h1:UHN/91OyuhaOFGSrBXQ/hMZD8IO1Uc4BvHlgHXL2WJo=
charm.land/bubbletea/v2 v2.0.6/go.mod h1:MH/D8ZLlN3op37vQvijKuU29g3rqTp+aQapURFonF9g=
charm.land/lipgloss/v2 v2.0.3 h1:yM2zJ4Cf5Y51b7RHIwioil4ApI/aypFXXVHSwlM6RzU=
charm.land/lipgloss/v2 v2.0.3/go.mod h1:7myLU9iG/3xluAWzpY/fSxYYHCgoKTie7laxk6ATwXA=
github.com/atotto/clipboard v0.1.4 h1:EH0zSVneZPSuFR11BlR9YppQTVDbh5+16AmcJi4g1z4=
github.com/atotto/clipboard v0.1.4/go.mod h1:ZY9tmq7sm5xIbd9bOK4onWV4S6X0u6GY7Vn0Yu86PYI=
github.com/aws/aws-sdk-go-v2 v1.41.7 h1:DWpAJt66FmnnaRIOT/8ASTucrvuDPZASqhhLey6tLY8=
github.com/aws/aws-sdk-go-v2 v1.41.7/go.mod h1:4LAfZOPHNVNQEckOACQx60Y8pSRjIkNZQz1w92xpMJc=
github.com/aws/aws-sdk-go-v2/aws/protocol/eventstream v1.7.10 h1:gx1AwW1Iyk9Z9dD9F4akX5gnN3QZwUB20GGKH/I+Rho=
github.com/aws/aws-sdk-go-v2/aws/protocol/eventstream v1.7.10/go.mod h1:qqY157uZoqm5OXq/amuaBJyC9hgBCBQnsaWnPe905GY=
github.com/aws/aws-sdk-go-v2/config v1.32.17 h1:FpL4/758/diKwqbytU0prpuiu60fgXKUWCpDJtApclU=
github.com/aws/aws-sdk-go-v2/config v1.32.17/go.mod h1:OXqUMzgXytfoF9JaKkhrOYsyh72t9G+MJH8mMRaexOE=
github.com/aws/aws-sdk-go-v2/credentials v1.19.16 h1:r3RJBuU7X9ibt8RHbMjWE6y60QbKBiII6wSrXnapxSU=
github.com/aws/aws-sdk-go-v2/credentials v1.19.16/go.mod h1:6cx7zqDENJDbBIIWX6P8s0h6hqHC8Avbjh9Dseo27ug=
github.com/aws/aws-sdk-go-v2/feature/ec2/imds v1.18.23 h1:UuSfcORqNSz/ey3VPRS8TcVH2Ikf0/sC+Hdj400QI6U=
github.com/aws/aws-sdk-go-v2/feature/ec2/imds v1.18.23/go.mod h1:+G/OSGiOFnSOkYloKj/9M35s74LgVAdJBSD5lsFfqKg=
github.com/aws/aws-sdk-go-v2/internal/configsources v1.4.23 h1:GpT/TrnBYuE5gan2cZbTtvP+JlHsutdmlV2YfEyNde0=
github.com/aws/aws-sdk-go-v2/internal/configsources v1.4.23/go.mod h1:xYWD6BS9ywC5bS3sz9Xh04whO/hzK2plt2Zkyrp4JuA=
github.com/aws/aws-sdk-go-v2/internal/endpoints/v2 v2.7.23 h1:bpd8vxhlQi2r1hiueOw02f/duEPTMK59Q4QMAoTTtTo=
github.com/aws/aws-sdk-go-v2/internal/endpoints/v2 v2.7.23/go.mod h1:15DfR2nw+CRHIk0tqNyifu3G1YdAOy68RftkhMDDwYk=
github.com/aws/aws-sdk-go-v2/internal/v4a v1.4.24 h1:OQqn11BtaYv1WLUowvcA30MpzIu8Ti4pcLPIIyoKZrA=
github.com/aws/aws-sdk-go-v2/internal/v4a v1.4.24/go.mod h1:X5ZJyfwVrWA96GzPmUCWFQaEARPR7gCrpq2E92PJwAE=
github.com/aws/aws-sdk-go-v2/service/accessanalyzer v1.48.0 h1:SG+cxHh/AWWo4TWg/UzjZPEBbDuVEC1i4lfrK+bdMwE=
github.com/aws/aws-sdk-go-v2/service/accessanalyzer v1.48.0/go.mod h1:CP5pWLCGRZJDXLkeUvxTulAvFkPnfK+TqJNtJtH/Jmo=
github.com/aws/aws-sdk-go-v2/service/acm v1.38.3 h1:Fzab84hCu3rw9R9Y3mH7SHfr/cSEHnCB0Mq1JCdr9t0=
github.com/aws/aws-sdk-go-v2/service/acm v1.38.3/go.mod h1:yCteizCNPaHt0SnNusoGGHvy0JDB0tvGDTVhEt5anZM=
github.com/aws/aws-sdk-go-v2/service/apigateway v1.39.4 h1:+QYkwQiY6udwyAnSiubjTj6KQ12e762Ygqw0Gk0Zbwo=
github.com/aws/aws-sdk-go-v2/service/apigateway v1.39.4/go.mod h1:MwilTAruv11x8EFjsk1R0VfjMdCxB6JHVtanCqsTR5o=
github.com/aws/aws-sdk-go-v2/service/apigatewayv2 v1.34.4 h1:WagrdsubFkMh6q1GAJ9Tuy83Xd/CwMH67DpIIvJBkiI=
github.com/aws/aws-sdk-go-v2/service/apigatewayv2 v1.34.4/go.mod h1:+ONaMzn4bVIQwVsamP28xDWWZuYO+6cWupJpZOSlUNE=
github.com/aws/aws-sdk-go-v2/service/apprunner v1.39.16 h1:fqfppotMvz3HCWi7vdL84uEk29lYeMqNwLH025r1k6A=
github.com/aws/aws-sdk-go-v2/service/apprunner v1.39.16/go.mod h1:QA5CUOg5mkS73RhLYCDPeFuCFxoeW2TPA6XRo4JL2Ek=
github.com/aws/aws-sdk-go-v2/service/appsync v1.53.7 h1:SjkXYNc15FoovS9k6ML7dO7pkXE3ns66RXwL+rfQVl8=
github.com/aws/aws-sdk-go-v2/service/appsync v1.53.7/go.mod h1:RcoBov7Pw38ViMxlthKRr1GLgHPPseA+kY2bupWVm10=
github.com/aws/aws-sdk-go-v2/service/athena v1.57.6 h1:QPDxHlfHmozXUj9rmUyxQiOLVEJL3qX4x56CrwAtytM=
github.com/aws/aws-sdk-go-v2/service/athena v1.57.6/go.mod h1:3QLTFWWkK+tGp4LD0ClX5Ib75MWE5H66vBat1N9f8Os=
github.com/aws/aws-sdk-go-v2/service/autoscaling v1.66.2 h1:pPd+/Ujqf2+DmPOdB47EN7ox1iC21lu2zlOccUlfHeo=
github.com/aws/aws-sdk-go-v2/service/autoscaling v1.66.2/go.mod h1:b3XHAIEe5I9cmeZ9MLvUqj5DRWcBuh1/hpKDPb7T6KE=
github.com/aws/aws-sdk-go-v2/service/backup v1.55.2 h1:WhdT1PwOjTjKLGuD9lJDyNMgYmVaZgTHK06ioJKMBYE=
github.com/aws/aws-sdk-go-v2/service/backup v1.55.2/go.mod h1:uMh3ZDoLKhXldYL1qcBYy1HsNQfKgL/w8iF2onOyoKY=
github.com/aws/aws-sdk-go-v2/service/batch v1.64.2 h1:U9Wkhm5Pt2RJkO9UGH8Gqq4Mmu7rROeYSIL7UzZABDE=
github.com/aws/aws-sdk-go-v2/service/batch v1.64.2/go.mod h1:EHhfaNTxntvYHmSdHGLLSxuerqkMIlXY9lWjl+CJJxg=
github.com/aws/aws-sdk-go-v2/service/bedrock v1.60.0 h1:wckMAEw6WN0MWMv8GHHV4/rbPqSSKfmouq31HJzh5zw=
github.com/aws/aws-sdk-go-v2/service/bedrock v1.60.0/go.mod h1:v/+a2bHvfo04yQC/p2HOK1iJF6V59OwCfCSf4iYgob4=
github.com/aws/aws-sdk-go-v2/service/bedrockagent v1.53.2 h1:5WfuuVf0Mie5g3ibps8fgYDrlTVMc7PQpdycZmI1R+k=
github.com/aws/aws-sdk-go-v2/service/bedrockagent v1.53.2/go.mod h1:zue4MN4ji6nlKYQYwVLmaPXJ66wB9JnIePX1e1yg5MU=
github.com/aws/aws-sdk-go-v2/service/bedrockagentcorecontrol v1.38.0 h1:x+SUDjkhFOT+f9IPZXewia7EYgWi7KgNsoJ743TdQdY=
github.com/aws/aws-sdk-go-v2/service/bedrockagentcorecontrol v1.38.0/go.mod h1:WXGqnCrWtpgiig7ymwkNHdGvWF7FJtGvx8ldK/yy5BQ=
github.com/aws/aws-sdk-go-v2/service/bedrockruntime v1.50.6 h1:Wbo1WlWyGaAXlr6C7OGXq9avbdJhIV9cQ4M6E34b5x8=
github.com/aws/aws-sdk-go-v2/service/bedrockruntime v1.50.6/go.mod h1:uY1fJe6m3I3w/m8UAkQ89Cm/ZAt/um6LW+AOZU33LDI=
github.com/aws/aws-sdk-go-v2/service/budgets v1.43.6 h1:2C1Fx5PAPB+8Se7nwnxAElSMW5KxuDVwzBu6t2qtlfg=
github.com/aws/aws-sdk-go-v2/service/budgets v1.43.6/go.mod h1:W/ACxHO2V65T11t9KLLG+pQytcYk206Ff5b5lbGeMF8=
github.com/aws/aws-sdk-go-v2/service/cloudformation v1.71.11 h1:gIRdzLv98ugE0nvMkub5yp4uziPFHF66ERrQ9JN+D54=
github.com/aws/aws-sdk-go-v2/service/cloudformation v1.71.11/go.mod h1:BMpnKVWK+343lUuI2ZM5bm282z+p61ZK9kwRg6/wBm4=
github.com/aws/aws-sdk-go-v2/service/cloudfront v1.64.0 h1:a6XmNe8cAvfrXVKwjXzWl9HHtuyE/n4kBroNm2mSOyo=
github.com/aws/aws-sdk-go-v2/service/cloudfront v1.64.0/go.mod h1:brhMG/gR2xEB5lezxL2Cx+hqsEzGUn4LhNUtu7+ePFE=
github.com/aws/aws-sdk-go-v2/service/cloudtrail v1.55.11 h1:3IDx7ybn7pyrLgVShEfGmEXec1xsqgoD1ADI1SxqKT0=
github.com/aws/aws-sdk-go-v2/service/cloudtrail v1.55.11/go.mod h1:iSArc5uhvz1S3EICNNvRzPksb6HPAUhltzMvoCrGyfM=
github.com/aws/aws-sdk-go-v2/service/cloudwatch v1.57.0 h1:dlkFtYOrwOuM7IIBD6FPLtt0Xvnph+8hqmmbzyowkCk=
github.com/aws/aws-sdk-go-v2/service/cloudwatch v1.57.0/go.mod h1:7900IH3EvTrwNGLNx3QDKnQwPF/Cw+pD9cuvBDQ4org=
github.com/aws/aws-sdk-go-v2/service/cloudwatchlogs v1.74.0 h1:6TqDeYdvJJEIJGg5ICy7nzC7/UuHk2Eg3wrpb5bWKPM=
github.com/aws/aws-sdk-go-v2/service/cloudwatchlogs v1.74.0/go.mod h1:MLJu3PUd8fp5Qvj4CiLvyY5H8y7kxHKlTp060Wsd+Vc=
github.com/aws/aws-sdk-go-v2/service/codebuild v1.68.15 h1:ZrDV293SvcUFF/2QQ+oBeIPj/0vn7OC7q5CtuBQx6ow=
github.com/aws/aws-sdk-go-v2/service/codebuild v1.68.15/go.mod h1:9WntqQzPVMdtY8e9rM22XT1ykcrmxdr/l/A2w17+l+8=
github.com/aws/aws-sdk-go-v2/service/codepipeline v1.46.23 h1:T1CJQxFSFH/74qHb6h02V7oJBCcNlWoBZj+ZM1C/+0I=
github.com/aws/aws-sdk-go-v2/service/codepipeline v1.46.23/go.mod h1:YRBQdlmNr8T+a+cvU7p0s7kYNT9UrZ4RPfLSHthtMOc=
github.com/aws/aws-sdk-go-v2/service/cognitoidentityprovider v1.60.2 h1:pZxE29WAHgnk0jGj1P4UOOJnNPHXfltkfnK4F1Tg8jU=
github.com/aws/aws-sdk-go-v2/service/cognitoidentityprovider v1.60.2/go.mod h1:nbe4Nf/HOY+e54Dl+yjv04scYTGTC+4ZthbfOuPTXQs=
github.com/aws/aws-sdk-go-v2/service/computeoptimizer v1.50.1 h1:FyZGfF3X2uzNSZjIxXgiW/5va1HcJKueMIXEbEhVa78=
github.com/aws/aws-sdk-go-v2/service/computeoptimizer v1.50.1/go.mod h1:ypZFNO3viD/a8tii9vlzKCOPxRuDMidRNIadJf7eJ1Y=
github.com/aws/aws-sdk-go-v2/service/configservice v1.62.3 h1:8rcAUMhCUuQe7kVBTBLPqMsJWFSVDPSFdpFexVQEEdU=
github.com/aws/aws-sdk-go-v2/service/configservice v1.62.3/go.mod h1:PvCpYWzh0/jwa8v3jYJOaDobKiKQzFm1hI7+4Ms3J90=
github.com/aws/aws-sdk-go-v2/service/costexplorer v1.63.8 h1:rUg81vwoGgCmnQxsVl+B65QF8Qh+zYCluhyAcxsk79o=
github.com/aws/aws-sdk-go-v2/service/costexplorer v1.63.8/go.mod h1:V+bKJ05kIC6K0LH8TB3D5boy7F8BhrZeecoXLz1NlB4=
github.com/aws/aws-sdk-go-v2/service/datasync v1.58.4 h1:8dunTSKwZYHGBpCKtiSLXPHZph5uRGnlaMY/f4UeQEA=
github.com/aws/aws-sdk-go-v2/service/datasync v1.58.4/go.mod h1:5H2TlnEkHntq2f9qVEZ9Fc0uO0vf+30KtECvmnms2m8=
github.com/aws/aws-sdk-go-v2/service/detective v1.38.15 h1:H5v+Sro9ZL5OQGOoxuZz8RTzvO23VkOJ1LjKqXbank8=
github.com/aws/aws-sdk-go-v2/service/detective v1.38.15/go.mod h1:/DN1zJ/OloIC8JwOVgOjbSDpl0S56cnu5Qnf9D/sXc8=
github.com/aws/aws-sdk-go-v2/service/directconnect v1.38.17 h1:fkeDjhbAy9ddanOVlxP2vnY2dbTxA8HL+DdV9HezVSs=
github.com/aws/aws-sdk-go-v2/service/directconnect v1.38.17/go.mod h1:kzj2OFWYl3uGXBkincAArVPtSG8QwXJRfCL8+Ztsw9o=
github.com/aws/aws-sdk-go-v2/service/dynamodb v1.57.3 h1:XgjzLEE8CrNYnr4Xmi1W5PfKsKMjp4Pu1rWkJNO43JI=
github.com/aws/aws-sdk-go-v2/service/dynamodb v1.57.3/go.mod h1:r7sfLXEN8RUA89tAHy1E7lCtVOOWIkqVy/FbnUdxW1E=
github.com/aws/aws-sdk-go-v2/service/ec2 v1.303.0 h1:qkTLlFVQDSk0tbOqn49pxZjIVY2jy3n0FBXh+PphNkk=
github.com/aws/aws-sdk-go-v2/service/ec2 v1.303.0/go.mod h1:Y95W0Hm6FYLPa6o0hbnJ+sWgmdc4ifcLFjGkdobWVhY=
github.com/aws/aws-sdk-go-v2/service/ecr v1.57.2 h1:rHEW02JFJUV2/ttjzyPIvbD0YraqpyU2w6m6DfQUmdg=
github.com/aws/aws-sdk-go-v2/service/ecr v1.57.2/go.mod h1:gNS8pNht4VMzPd4UtQUL3NTUQbjEPLLmb9MqmqrqsCM=
github.com/aws/aws-sdk-go-v2/service/ecs v1.80.0 h1:orZYOYtvYU7A45XTWC/UchWSkkdWjOyXi8MYksnmQf0=
github.com/aws/aws-sdk-go-v2/service/ecs v1.80.0/go.mod h1:TIKZ9zIFS6W2k9FeW+r5sGVnlxp+aUt9oQ/St3Suj1o=
github.com/aws/aws-sdk-go-v2/service/eks v1.83.0 h1:mS5rkyFt+NYryy0p4n8o80tJjBmXiQrRCQjP8jZcSLY=
github.com/aws/aws-sdk-go-v2/service/eks v1.83.0/go.mod h1:JQcyECIV9iZHm+GMrWn1pTPTJYRavOVsqPvlCbjt+Fg=
github.com/aws/aws-sdk-go-v2/service/elasticache v1.52.2 h1:5wbCUfyxXcjIqesyVfJBBJs0bDMyejthtHyy48mfZCI=
github.com/aws/aws-sdk-go-v2/service/elasticache v1.52.2/go.mod h1:o4vQxDt6oteknUjkXIEskp0ccy+93NRTPKXw3HlVMFE=
github.com/aws/aws-sdk-go-v2/service/elasticloadbalancingv2 v1.54.12 h1:TJXv7kZjdXA2maPDaJFFEQPBrPmvPtMybN3qYDOpJ4Y=
github.com/aws/aws-sdk-go-v2/service/elasticloadbalancingv2 v1.54.12/go.mod h1:lwjtb9DHOAmNt7EUW68Zd1Qd+cPyFxacXHN5c9JZ2VY=
github.com/aws/aws-sdk-go-v2/service/emr v1.59.2 h1:BR7dPfnYULtw1QMLTb4p67A5O7cOhwsRh6arvYQFIQg=
github.com/aws/aws-sdk-go-v2/service/emr v1.59.2/go.mod h1:cWxbjdU0/WUkpKZ+k03XbZiC5b8OVjCRzQ4wJlnO0Q4=
github.com/aws/aws-sdk-go-v2/service/eventbridge v1.45.25 h1:9PZbyFSCN/E0TnqXqnvYJRhu7yQJv31vHG/vyuirbCY=
github.com/aws/aws-sdk-go-v2/service/eventbridge v1.45.25/go.mod h1:ZJ1LBykgykfLqmsP2pBUesSd24sL6SebSEeXzzJ2hhE=
github.com/aws/aws-sdk-go-v2/service/fms v1.44.24 h1:9HVojSt6nLVX/Ao55d7PGVg3zzg6XbNzT6RIiLnKEmM=
github.com/aws/aws-sdk-go-v2/service/fms v1.44.24/go.mod h1:cIz6sTAJzcJceQM5chsHkKq5agNHWtLCm5r20teGur8=
github.com/aws/aws-sdk-go-v2/service/gamelift v1.54.0 h1:TnDHcCjQbeyxNgWV67Gz8DigkCDcz6t4y+UWBItR1zc=
github.com/aws/aws-sdk-go-v2/service/gamelift v1.54.0/go.mod h1:krO76k8XMEa+hBF4M+zuyU2XXct6JQIdH5LKOrltHew=
github.com/aws/aws-sdk-go-v2/service/glue v1.142.0 h1:ztxbPEsd9yyuf2A41ZwtCXtI61t7ocnQ7vUdziFiFUc=
github.com/aws/aws-sdk-go-v2/service/glue v1.142.0/go.mod h1:FZCvt95CcJWRkZNRcmMW1uQkpDHmyUSkZfz3awyZgqg=
github.com/aws/aws-sdk-go-v2/service/guardduty v1.76.0 h1:wx0FToEWrsZv1TQSLOQgqrZF/e25jXT0dlajaz+jK50=
github.com/aws/aws-sdk-go-v2/service/guardduty v1.76.0/go.mod h1:kCpMuo4vLtzUaugNCZGCkVtdehl2YvoSd73Jmiuh1M0=
github.com/aws/aws-sdk-go-v2/service/health v1.37.6 h1:m97jNgQk8XQrMqBxxVUWC709yuzhERApLPNDwjJdlU8=
github.com/aws/aws-sdk-go-v2/service/health v1.37.6/go.mod h1:tAAxr8sOfZmUsRJEQawUO/eij8XjjD9365NEfhvTrbk=
github.com/aws/aws-sdk-go-v2/service/iam v1.53.10 h1:kcN3I3llO7VwIY5w3Pc5FmEonpsr23Ou7Cwk4qf7dik=
github.com/aws/aws-sdk-go-v2/service/iam v1.53.10/go.mod h1:1vkJzjCYC3byO0kIrBqLPzvZpuvYhPXkuyARs6E7tM4=
github.com/aws/aws-sdk-go-v2/service/inspector2 v1.47.7 h1:vHOhsldnj34FLcf4Vhruf4rXjuS/h2+rVq7g/Ff2Z1E=
github.com/aws/aws-sdk-go-v2/service/inspector2 v1.47.7/go.mod h1:LuywkZEbCgj1aB3Ij62TrWfPThhx6GHJqZSO1ZDj2cM=
github.com/aws/aws-sdk-go-v2/service/internal/accept-encoding v1.13.9 h1:FLudkZLt5ci0ozzgkVo8BJGwvqNaZbTWb3UcucAateA=
github.com/aws/aws-sdk-go-v2/service/internal/accept-encoding v1.13.9/go.mod h1:w7wZ/s9qK7c8g4al+UyoF1Sp/Z45UwMGcqIzLWVQHWk=
github.com/aws/aws-sdk-go-v2/service/internal/checksum v1.9.15 h1:ieLCO1JxUWuxTZ1cRd0GAaeX7O6cIxnwk7tc1LsQhC4=
github.com/aws/aws-sdk-go-v2/service/internal/checksum v1.9.15/go.mod h1:e3IzZvQ3kAWNykvE0Tr0RDZCMFInMvhku3qNpcIQXhM=
github.com/aws/aws-sdk-go-v2/service/internal/endpoint-discovery v1.11.23 h1:3Eo/PBBnjFi1+gYfaL286dpmFSW3mTfodBIybq36Qv4=
github.com/aws/aws-sdk-go-v2/service/internal/endpoint-discovery v1.11.23/go.mod h1:3oh+5xGSd1iuxonVb3Qbm+WJYlbhczT9kbzr6doJLzY=
github.com/aws/aws-sdk-go-v2/service/internal/presigned-url v1.13.23 h1:pbrxO/kuIwgEsOPLkaHu0O+m4fNgLU8B3vxQ+72jTPw=
github.com/aws/aws-sdk-go-v2/service/internal/presigned-url v1.13.23/go.mod h1:/CMNUqoj46HpS3MNRDEDIwcgEnrtZlKRaHNaHxIFpNA=
github.com/aws/aws-sdk-go-v2/service/internal/s3shared v1.19.23 h1:03xatSQO4+AM1lTAbnRg5OK528EUg744nW7F73U8DKw=
github.com/aws/aws-sdk-go-v2/service/internal/s3shared v1.19.23/go.mod h1:M8l3mwgx5ToK7wot2sBBce/ojzgnPzZXUV445gTSyE8=
github.com/aws/aws-sdk-go-v2/service/kinesis v1.43.7 h1:9FvrpWzkSPbm995UGQ4jOdRDuhQLmwgh/5t8UoosTdY=
github.com/aws/aws-sdk-go-v2/service/kinesis v1.43.7/go.mod h1:A7b/tv2nIcdfLY6EfH9fklY+L/wpVo6PtDJ6KA43PKg=
github.com/aws/aws-sdk-go-v2/service/kms v1.51.1 h1:zuSf4olLKZW8cF/W9Y5wvGT+/0raY/3kVp49KsGs0QY=
github.com/aws/aws-sdk-go-v2/service/kms v1.51.1/go.mod h1:Y0+uxvxz6ib4KktRdK0V4X45Vcs/JyYoz8H71pO8xeI=
github.com/aws/aws-sdk-go-v2/service/lambda v1.90.1 h1:odCeJgHXfQoXEWQUIzPkKvsJTWcLMsaOWowNpovPFFw=
github.com/aws/aws-sdk-go-v2/service/lambda v1.90.1/go.mod h1:NbtJVztitG7JkuoI4GSrDUlsB32zeXqKBvXj6bUxcMo=
github.com/aws/aws-sdk-go-v2/service/licensemanager v1.37.12 h1:CRnlzGMTYDTHpmFSGUe+CjEHzNQzL+fRZS5weQLvRfc=
github.com/aws/aws-sdk-go-v2/service/licensemanager v1.37.12/go.mod h1:1Y6IDySTexX5E3Jl95awEToOP1pW/rwEfcUwNElaF5A=
github.com/aws/aws-sdk-go-v2/service/macie2 v1.51.2 h1:JPIqNyD7JAaQddkmXRFVI7My2vtJ40uqTpEYIlnTEVw=
github.com/aws/aws-sdk-go-v2/service/macie2 v1.51.2/go.mod h1:Y1uuzDg6j6jVdm/xMgIgEaCJ2fMLPAgoKzKYuMBhJUQ=
github.com/aws/aws-sdk-go-v2/service/networkfirewall v1.60.1 h1:acbBwzoZSM3oet/FcUNddED5V7zBauXiRxsD2NJcD70=
github.com/aws/aws-sdk-go-v2/service/networkfirewall v1.60.1/go.mod h1:oWCet/AjsuKhMkvcXOGEeS2QmssLJX1UmX2SiKCEsFM=
github.com/aws/aws-sdk-go-v2/service/opensearch v1.69.0 h1:ogIqeUpD0k00Jr7DwaaO6VIR0o6aqnLiLetBVLgYt/4=
github.com/aws/aws-sdk-go-v2/service/opensearch v1.69.0/go.mod h1:m6jcW6ksKQtM4f/AsUbYdfbyM9xv4jjrBnRWWh1q0VQ=
github.com/aws/aws-sdk-go-v2/service/organizations v1.51.3 h1:LWSmXWwYzR9yRcszxyqaKuPCO4E6g/iknZv1kQIkD7I=
github.com/aws/aws-sdk-go-v2/service/organizations v1.51.3/go.mod h1:DGpC4BVQ1zS8X/nFYfHGiHyAhrsb8gZ8pPxn+Jf0iPY=
github.com/aws/aws-sdk-go-v2/service/rds v1.118.2 h1:pkEeQneYFpTAnGhyqSbyp/DlCPPJTGt0GkWahlLYzMA=
github.com/aws/aws-sdk-go-v2/service/rds v1.118.2/go.mod h1:7gS+cGrKF0mH253QHFlStmx79ws+DlNk+04ZRfmw3U0=
github.com/aws/aws-sdk-go-v2/service/redshift v1.62.8 h1:5Wg38ZauCqmomDAGTCDbA/t4vR5fUqIBTEwAOAswdng=
github.com/aws/aws-sdk-go-v2/service/redshift v1.62.8/go.mod h1:uLWlNO4q8278lSx2iKIJZ09zSXNJ6uQTFM1jvZIZRf4=
github.com/aws/aws-sdk-go-v2/service/resourcegroupstaggingapi v1.31.12 h1:kOX5fCUb0BSMNHbRm7icw/dEyTjiYCLczIYglbYFJnI=
github.com/aws/aws-sdk-go-v2/service/resourcegroupstaggingapi v1.31.12/go.mod h1:n8ixkV2383DfuJhsCMVdfeSfYWqJhO2uadau9wrta9U=
github.com/aws/aws-sdk-go-v2/service/route53 v1.62.7 h1:twRRMmtSITnt/rrp+D7UDLzE5pKMZe759aalkUdN+OY=
github.com/aws/aws-sdk-go-v2/service/route53 v1.62.7/go.mod h1:ztM1lr+sRoCAI8336ZUvlRPbToue0d3gE/wd6jomSJ8=
github.com/aws/aws-sdk-go-v2/service/s3 v1.101.0 h1:etqBTKY581iwLL/H/S2sVgk3C9lAsTJFeXWFDsDcWOU=
github.com/aws/aws-sdk-go-v2/service/s3 v1.101.0/go.mod h1:L2dcoOgS2VSgbPLvpak2NyUPsO1TBN7M45Z4H7DlRc4=
github.com/aws/aws-sdk-go-v2/service/s3vectors v1.6.8 h1:UfJBdSWO3yWDYEr/VEG4auXWStFQsgkiNsRax39ubLs=
github.com/aws/aws-sdk-go-v2/service/s3vectors v1.6.8/go.mod h1:loahjH/vYffb8QjGNCG7lNTvjot1Hy0eikvRuyMAymg=
github.com/aws/aws-sdk-go-v2/service/sagemaker v1.248.0 h1:P817op5qAA/By4fPzea50ds03CWEeIaIFs/7Kl2c+Y4=
github.com/aws/aws-sdk-go-v2/service/sagemaker v1.248.0/go.mod h1:CWbiQe1BkvmBlSfdI8DOoNaqoehc2+JWnylOfmR7aKU=
github.com/aws/aws-sdk-go-v2/service/savingsplans v1.32.4 h1:BWmdjmP8sWqe0eICMM+2X2jic2S41bJ7xDhz3Wfd8/0=
github.com/aws/aws-sdk-go-v2/service/savingsplans v1.32.4/go.mod h1:r/jBjd7QFGv9fsk0EFMjHKMPV6El60e4pa+BU4oyjBI=
github.com/aws/aws-sdk-go-v2/service/secretsmanager v1.41.7 h1:JUGKqUnJHbXpS8uyuICP/zpQ+vXUIXW2zTEqjMLCqrY=
github.com/aws/aws-sdk-go-v2/service/secretsmanager v1.41.7/go.mod h1:l/cqI7ujYqBuTR6Ll13d9/gG/uUdlVzJ1UDltEEBTOo=
github.com/aws/aws-sdk-go-v2/service/securityhub v1.70.0 h1:Ux1gTnyBqZv/2g5QX/atFVTvqSV/oq7qpC1FBfJczS8=
github.com/aws/aws-sdk-go-v2/service/securityhub v1.70.0/go.mod h1:zaWfTggHBDZYQS7YIk6Atd2SsxXehBvSQjyN65+KCtk=
github.com/aws/aws-sdk-go-v2/service/servicequotas v1.34.7 h1:LRcX5C4jwSmkbmkamPVLU3/VALAo0Fuy77a2TgMKYx0=
github.com/aws/aws-sdk-go-v2/service/servicequotas v1.34.7/go.mod h1:52QJsp2N27Em8o5H/cgkBwjTY4I/TYpTBHMlqhuCHMQ=
github.com/aws/aws-sdk-go-v2/service/sfn v1.41.0 h1:DjtJU3mUbj3Q6ggWmiCZuBfOf1k89O55knWuLABRUYs=
github.com/aws/aws-sdk-go-v2/service/sfn v1.41.0/go.mod h1:4FYhQ/fQeVDlW53MUOevhxGhJ9RYOYV8HSwyVmFCer0=
github.com/aws/aws-sdk-go-v2/service/signin v1.0.11 h1:TdJ+HdzOBhU8+iVAOGUTU63VXopcumCOF1paFulHWZc=
github.com/aws/aws-sdk-go-v2/service/signin v1.0.11/go.mod h1:R82ZRExE/nheo0N+T8zHPcLRTcH8MGsnR3BiVGX0TwI=
github.com/aws/aws-sdk-go-v2/service/sns v1.39.17 h1:synXIPC/L4Cc489P0XDcrVJzHSLj7krKRpFLalbGM2k=
github.com/aws/aws-sdk-go-v2/service/sns v1.39.17/go.mod h1:4ABZnI23uNK37waIjGwkubnCwGhepIt9x1GvASfljJA=
github.com/aws/aws-sdk-go-v2/service/sqs v1.42.27 h1:QgaWXVmNDxv/U/3UIHfGb7ohvtFgerf/bYcYylj4i8E=
github.com/aws/aws-sdk-go-v2/service/sqs v1.42.27/go.mod h1:8S6ExnLprS0oIeA8ZlHkJUJ0BMpKqnRPws/S0jegTqQ=
github.com/aws/aws-sdk-go-v2/service/ssm v1.68.6 h1:0LPJjbSNEDHidGOXa0LfvSVbdn9/GdlJUQTgE0kFpso=
github.com/aws/aws-sdk-go-v2/service/ssm v1.68.6/go.mod h1:SrZAopBP5/lyQ6NBVXKlRp8wPIXhzBCZU98sEozmv8Y=
github.com/aws/aws-sdk-go-v2/service/sso v1.30.17 h1:7byT8HUWrgoRp6sXjxtZwgOKfhss5fW6SkLBtqzgRoE=
github.com/aws/aws-sdk-go-v2/service/sso v1.30.17/go.mod h1:xNWknVi4Ezm1vg1QsB/5EWpAJURq22uqd38U8qKvOJc=
github.com/aws/aws-sdk-go-v2/service/ssooidc v1.35.21 h1:+1Kl1zx6bWi4X7cKi3VYh29h8BvsCoHQEQ6ST9X8w7w=
github.com/aws/aws-sdk-go-v2/service/ssooidc v1.35.21/go.mod h1:4vIRDq+CJB2xFAXZ+YgGUTiEft7oAQlhIs71xcSeuVg=
github.com/aws/aws-sdk-go-v2/service/sts v1.42.1 h1:F/M5Y9I3nwr2IEpshZgh1GeHpOItExNM9L1euNuh/fk=
github.com/aws/aws-sdk-go-v2/service/sts v1.42.1/go.mod h1:mTNxImtovCOEEuD65mKW7DCsL+2gjEH+RPEAexAzAio=
github.com/aws/aws-sdk-go-v2/service/transcribe v1.54.6 h1:orXy3mYg4nOuACxT7dK07me2A2AaS/FcFBwq+WUA258=
github.com/aws/aws-sdk-go-v2/service/transcribe v1.54.6/go.mod h1:z29t64Pva4oeaYboSZrJhhYJDZu80VCV/AnMnqhNvwE=
github.com/aws/aws-sdk-go-v2/service/transfer v1.72.0 h1:RbzzKZwU/fPSDpO731YSRDQqbp/h6IycNV5pgVCbJVk=
github.com/aws/aws-sdk-go-v2/service/transfer v1.72.0/go.mod h1:NuALErcQ4g5s7KJef/5aoMwFmWn6deuczObKXYnuVRg=
github.com/aws/aws-sdk-go-v2/service/trustedadvisor v1.14.6 h1:kpQGIvOLoQbmSBJScW9JuJTJ95cKpoL5oA+R2W/kQcQ=
github.com/aws/aws-sdk-go-v2/service/trustedadvisor v1.14.6/go.mod h1:XSD4wwFqBwJIpghykR6eSp1geECVt1vG32BwjWZcXy8=
github.com/aws/aws-sdk-go-v2/service/wafv2 v1.71.5 h1:IMqwkBHrf3RjjNl+Xw0hkWz4WjB0ypcyNnRqOGiT7J0=
github.com/aws/aws-sdk-go-v2/service/wafv2 v1.71.5/go.mod h1:4PHOazTWE3wBq/xYohRMnO7vv3H0WgBYAvR8hyeZCfI=
github.com/aws/aws-sdk-go-v2/service/xray v1.36.23 h1:23UXC4h6nNZqOmk+xaXcfyTH/IIvqWycQk154GaSiE8=
github.com/aws/aws-sdk-go-v2/service/xray v1.36.23/go.mod h1:XEYnz2YYwBDEDHrfBWjv31kK8vCTrvCcnS7K7vyrDA0=
github.com/aws/smithy-go v1.25.1 h1:J8ERsGSU7d+aCmdQur5Txg6bVoYelvQJgtZehD12GkI=
github.com/aws/smithy-go v1.25.1/go.mod h1:YE2RhdIuDbA5E5bTdciG9KrW3+TiEONeUWCqxX9i1Fc=
github.com/aymanbagabas/go-udiff v0.4.1 h1:OEIrQ8maEeDBXQDoGCbbTTXYJMYRCRO1fnodZ12Gv5o=
github.com/aymanbagabas/go-udiff v0.4.1/go.mod h1:0L9PGwj20lrtmEMeyw4WKJ/TMyDtvAoK9bf2u/mNo3w=
github.com/charmbracelet/colorprofile v0.4.3 h1:QPa1IWkYI+AOB+fE+mg/5/4HRMZcaXex9t5KX76i20Q=
github.com/charmbracelet/colorprofile v0.4.3/go.mod h1:/zT4BhpD5aGFpqQQqw7a+VtHCzu+zrQtt1zhMt9mR4Q=
github.com/charmbracelet/ultraviolet v0.0.0-20260428153724-66037269d7be h1:j7w8VP/D4lu5+/4GamMmFy8nrtadcl82/fjvDgSHwLo=
github.com/charmbracelet/ultraviolet v0.0.0-20260428153724-66037269d7be/go.mod h1:3YdTxlnV/L0bQ3VN8WOSw8doF7LZV/xawUQ4MuAPDvo=
github.com/charmbracelet/x/ansi v0.11.7 h1:kzv1kJvjg2S3r9KHo8hDdHFQLEqn4RBCb39dAYC84jI=
github.com/charmbracelet/x/ansi v0.11.7/go.mod h1:9qGpnAVYz+8ACONkZBUWPtL7lulP9No6p1epAihUZwQ=
github.com/charmbracelet/x/exp/golden v0.0.0-20250806222409-83e3a29d542f h1:pk6gmGpCE7F3FcjaOEKYriCvpmIN4+6OS/RD0vm4uIA=
github.com/charmbracelet/x/exp/golden v0.0.0-20250806222409-83e3a29d542f/go.mod h1:IfZAMTHB6XkZSeXUqriemErjAWCCzT0LwjKFYCZyw0I=
github.com/charmbracelet/x/term v0.2.2 h1:xVRT/S2ZcKdhhOuSP4t5cLi5o+JxklsoEObBSgfgZRk=
github.com/charmbracelet/x/term v0.2.2/go.mod h1:kF8CY5RddLWrsgVwpw4kAa6TESp6EB5y3uxGLeCqzAI=
github.com/charmbracelet/x/termios v0.1.1 h1:o3Q2bT8eqzGnGPOYheoYS8eEleT5ZVNYNy8JawjaNZY=
github.com/charmbracelet/x/termios v0.1.1/go.mod h1:rB7fnv1TgOPOyyKRJ9o+AsTU/vK5WHJ2ivHeut/Pcwo=
github.com/charmbracelet/x/windows v0.2.2 h1:IofanmuvaxnKHuV04sC0eBy/smG6kIKrWG2/jYn2GuM=
github.com/charmbracelet/x/windows v0.2.2/go.mod h1:/8XtdKZzedat74NQFn0NGlGL4soHB0YQZrETF96h75k=
github.com/clipperhouse/displaywidth v0.11.0 h1:lBc6kY44VFw+TDx4I8opi/EtL9m20WSEFgwIwO+UVM8=
github.com/clipperhouse/displaywidth v0.11.0/go.mod h1:bkrFNkf81G8HyVqmKGxsPufD3JhNl3dSqnGhOoSD/o0=
github.com/clipperhouse/uax29/v2 v2.7.0 h1:+gs4oBZ2gPfVrKPthwbMzWZDaAFPGYK72F0NJv2v7Vk=
github.com/clipperhouse/uax29/v2 v2.7.0/go.mod h1:EFJ2TJMRUaplDxHKj1qAEhCtQPW2tJSwu5BF98AuoVM=
github.com/creack/pty v1.1.24 h1:bJrF4RRfyJnbTJqzRLHzcGaZK1NeM5kTC9jGgovnR1s=
github.com/creack/pty v1.1.24/go.mod h1:08sCNb52WyoAwi2QDyzUCTgcvVFhUzewun7wtTfvcwE=
github.com/davecgh/go-spew v1.1.0/go.mod h1:J7Y8YcW2NihsgmVo/mv3lAwl/skON4iLHjSsI+c5H38=
github.com/davecgh/go-spew v1.1.1 h1:vj9j/u1bqnvCEfJOwUhtlOARqs3+rkHYY13jYWTU97c=
github.com/davecgh/go-spew v1.1.1/go.mod h1:J7Y8YcW2NihsgmVo/mv3lAwl/skON4iLHjSsI+c5H38=
github.com/google/uuid v1.6.0 h1:NIvaJDMOsjHA8n1jAhLSgzrAzy1Hgr+hNrb57e+94F0=
github.com/google/uuid v1.6.0/go.mod h1:TIyPZe4MgqvfeYDBFedMoGGpEw/LqOeaOT+nhxU+yHo=
github.com/lucasb-eyer/go-colorful v1.4.0 h1:UtrWVfLdarDgc44HcS7pYloGHJUjHV/4FwW4TvVgFr4=
github.com/lucasb-eyer/go-colorful v1.4.0/go.mod h1:R4dSotOR9KMtayYi1e77YzuveK+i7ruzyGqttikkLy0=
github.com/mattn/go-runewidth v0.0.23 h1:7ykA0T0jkPpzSvMS5i9uoNn2Xy3R383f9HDx3RybWcw=
github.com/mattn/go-runewidth v0.0.23/go.mod h1:XBkDxAl56ILZc9knddidhrOlY5R/pDhgLpndooCuJAs=
github.com/muesli/cancelreader v0.2.2 h1:3I4Kt4BQjOR54NavqnDogx/MIoWBFa0StPA8ELUXHmA=
github.com/muesli/cancelreader v0.2.2/go.mod h1:3XuTXfFS2VjM+HTLZY9Ak0l6eUKfijIfMUZ4EgX0QYo=
github.com/pmezard/go-difflib v1.0.0 h1:4DBwDE0NGyQoBHbLQYPwSUPoCMWR5BEzIk/f1lZbAQM=
github.com/pmezard/go-difflib v1.0.0/go.mod h1:iKH77koFhYxTK1pcRnkKkqfTogsbg7gZNVY4sRDYZ/4=
github.com/rivo/uniseg v0.4.7 h1:WUdvkW8uEhrYfLC4ZzdpI2ztxP1I582+49Oc5Mq64VQ=
github.com/rivo/uniseg v0.4.7/go.mod h1:FN3SvrM+Zdj16jyLfmOkMNblXMcoc8DfTHruCPUcx88=
github.com/stretchr/objx v0.1.0/go.mod h1:HFkY916IF+rwdDfMAkV7OtwuqBVzrE8GR6GFx+wExME=
github.com/stretchr/objx v0.4.0/go.mod h1:YvHI0jy2hoMjB+UWwv71VJQ9isScKT/TqJzVSSt89Yw=
github.com/stretchr/objx v0.5.0/go.mod h1:Yh+to48EsGEfYuaHDzXPcE3xhTkx73EhmCGUpEOglKo=
github.com/stretchr/objx v0.5.2/go.mod h1:FRsXN1f5AsAjCGJKqEizvkpNtU+EGNCLh3NxZ/8L+MA=
github.com/stretchr/testify v1.7.1/go.mod h1:6Fq8oRcR53rry900zMqJjRRixrwX3KX962/h/Wwjteg=
github.com/stretchr/testify v1.8.0/go.mod h1:yNjHg4UonilssWZ8iaSj1OCr/vHnekPRkoO+kdMU+MU=
github.com/stretchr/testify v1.8.4/go.mod h1:sz/lmYIOXD/1dqDmKjjqLyZ2RngseejIcXlSw2iwfAo=
github.com/stretchr/testify v1.11.1 h1:7s2iGBzp5EwR7/aIZr8ao5+dra3wiQyKjjFuvgVKu7U=
github.com/stretchr/testify v1.11.1/go.mod h1:wZwfW3scLgRK+23gO65QZefKpKQRnfz6sD981Nm4B6U=
github.com/xo/terminfo v0.0.0-20220910002029-abceb7e1c41e h1:JVG44RsyaB9T2KIHavMF/ppJZNG9ZpyihvCd0w101no=
github.com/xo/terminfo v0.0.0-20220910002029-abceb7e1c41e/go.mod h1:RbqR21r5mrJuqunuUZ/Dhy/avygyECGrLceyNeo4LiM=
golang.org/x/exp v0.0.0-20250305212735-054e65f0b394 h1:nDVHiLt8aIbd/VzvPWN6kSOPE7+F/fNFDSXLVYkE/Iw=
golang.org/x/exp v0.0.0-20250305212735-054e65f0b394/go.mod h1:sIifuuw/Yco/y6yb6+bDNfyeQ/MdPUy/hKEMYQV17cM=
golang.org/x/sync v0.20.0 h1:e0PTpb7pjO8GAtTs2dQ6jYa5BWYlMuX047Dco/pItO4=
golang.org/x/sync v0.20.0/go.mod h1:9xrNwdLfx4jkKbNva9FpL6vEN7evnE43NNNJQ2LF3+0=
golang.org/x/sys v0.43.0 h1:Rlag2XtaFTxp19wS8MXlJwTvoh8ArU6ezoyFsMyCTNI=
golang.org/x/sys v0.43.0/go.mod h1:4GL1E5IUh+htKOUEOaiffhrAeqysfVGipDYzABqnCmw=
golang.org/x/term v0.42.0 h1:UiKe+zDFmJobeJ5ggPwOshJIVt6/Ft0rcfrXZDLWAWY=
golang.org/x/term v0.42.0/go.mod h1:Dq/D+snpsbazcBG5+F9Q1n2rXV8Ma+71xEjTRufARgY=
gopkg.in/check.v1 v0.0.0-20161208181325-20d25e280405 h1:yhCVgyC4o1eVCa2tZl7eS0r+SDo693bJlVdllGtEeKM=
gopkg.in/check.v1 v0.0.0-20161208181325-20d25e280405/go.mod h1:Co6ibVJAznAaIkqp8huTwlJQCZ016jof/cbN4VW5Yz0=
gopkg.in/ini.v1 v1.67.2 h1:JtOSMb9OuaCZKr7h5D/h6iii14sK0hLbplTc6frx4Ss=
gopkg.in/ini.v1 v1.67.2/go.mod h1:x/cyOwCgZqOkJoDIJ3c1KNHMo10+nLGAhh+kn3Zizss=
gopkg.in/yaml.v3 v3.0.0-20200313102051-9f266ea9e77c/go.mod h1:K4uyk7z7BCEPqu6E+C64Yfv1cQ7kz7rIZviUmN+EgEM=
gopkg.in/yaml.v3 v3.0.1 h1:fxVm/GzAzEWqLHuvctI91KS9hhNmmWOoWu0XTYJS7CA=
gopkg.in/yaml.v3 v3.0.1/go.mod h1:K4uyk7z7BCEPqu6E+C64Yfv1cQ7kz7rIZviUmN+EgEM=
